// !$*UTF8*$!
{ archiveVersion = 1; classes = {}; objectVersion = 56; objects = {
000000000000000000000064 = { isa = PBXFileReference; lastKnownFileType = sourcecode.swift; path = FoodCompanionApp.swift; sourceTree = "<group>"; };
0000000000000000000000C8 = { isa = PBXBuildFile; fileRef = 000000000000000000000064; };
000000000000000000000065 = { isa = PBXFileReference; lastKnownFileType = sourcecode.swift; path = MenuScanView.swift; sourceTree = "<group>"; };
0000000000000000000000C9 = { isa = PBXBuildFile; fileRef = 000000000000000000000065; };
000000000000000000000066 = { isa = PBXFileReference; lastKnownFileType = sourcecode.swift; path = MenuOCR.swift; sourceTree = "<group>"; };
0000000000000000000000CA = { isa = PBXBuildFile; fileRef = 000000000000000000000066; };
00000000000000000000012C = { isa = PBXFileReference; lastKnownFileType = sourcecode.swift; path = MenuOCRTests.swift; sourceTree = "<group>"; };
00000000000000000000012D = { isa = PBXBuildFile; fileRef = 00000000000000000000012C; };
00000000000000000000012E = { isa = PBXFileReference; lastKnownFileType = folder; path = Fixtures; sourceTree = "<group>"; };
00000000000000000000012F = { isa = PBXBuildFile; fileRef = 00000000000000000000012E; };
000000000000000000000011 = { isa = PBXFileReference; explicitFileType = wrapper.application; path = FoodCompanion.app; sourceTree = BUILT_PRODUCTS_DIR; };
000000000000000000000012 = { isa = PBXFileReference; explicitFileType = wrapper.cfbundle; path = FoodCompanionTests.xctest; sourceTree = BUILT_PRODUCTS_DIR; };
000000000000000000000002 = { isa = PBXGroup; children = (000000000000000000000006,000000000000000000000007,000000000000000000000005); sourceTree = "<group>"; };
000000000000000000000006 = { isa = PBXGroup; children = (000000000000000000000064,000000000000000000000065,000000000000000000000066); path = FoodCompanion; sourceTree = "<group>"; };
000000000000000000000007 = { isa = PBXGroup; children = (00000000000000000000012C,00000000000000000000012E); path = FoodCompanionTests; sourceTree = "<group>"; };
000000000000000000000005 = { isa = PBXGroup; children = (000000000000000000000011,000000000000000000000012); name = Products; sourceTree = "<group>"; };
000000000000000000000008 = { isa = PBXSourcesBuildPhase; buildActionMask = 2147483647; files = (0000000000000000000000C8,0000000000000000000000C9,0000000000000000000000CA); runOnlyForDeploymentPostprocessing = 0; };
000000000000000000000009 = { isa = PBXFrameworksBuildPhase; buildActionMask = 2147483647; files = (); runOnlyForDeploymentPostprocessing = 0; };
00000000000000000000000A = { isa = PBXResourcesBuildPhase; buildActionMask = 2147483647; files = (); runOnlyForDeploymentPostprocessing = 0; };
00000000000000000000000B = { isa = PBXSourcesBuildPhase; buildActionMask = 2147483647; files = (00000000000000000000012D); runOnlyForDeploymentPostprocessing = 0; };
00000000000000000000000C = { isa = PBXFrameworksBuildPhase; buildActionMask = 2147483647; files = (); runOnlyForDeploymentPostprocessing = 0; };
00000000000000000000000D = { isa = PBXResourcesBuildPhase; buildActionMask = 2147483647; files = (00000000000000000000012F); runOnlyForDeploymentPostprocessing = 0; };
000000000000000000000190 = { isa = PBXContainerItemProxy; containerPortal = 000000000000000000000001; proxyType = 1; remoteGlobalIDString = 000000000000000000000003; remoteInfo = FoodCompanion; };
000000000000000000000191 = { isa = PBXTargetDependency; target = 000000000000000000000003; targetProxy = 000000000000000000000190; };
000000000000000000000003 = { isa = PBXNativeTarget; buildConfigurationList = 00000000000000000000000E; buildPhases = (000000000000000000000008,000000000000000000000009,00000000000000000000000A); buildRules = (); dependencies = (); name = FoodCompanion; productName = FoodCompanion; productReference = 000000000000000000000011; productType = "com.apple.product-type.application"; };
000000000000000000000004 = { isa = PBXNativeTarget; buildConfigurationList = 00000000000000000000000F; buildPhases = (00000000000000000000000B,00000000000000000000000C,00000000000000000000000D); buildRules = (); dependencies = (000000000000000000000191); name = FoodCompanionTests; productName = FoodCompanionTests; productReference = 000000000000000000000012; productType = "com.apple.product-type.bundle.unit-test"; };
0000000000000000000001F4 = { isa = XCBuildConfiguration; buildSettings = { SDKROOT = iphoneos; IPHONEOS_DEPLOYMENT_TARGET = 17.0; SWIFT_VERSION = 5.0; CLANG_ENABLE_MODULES = YES; TARGETED_DEVICE_FAMILY = 1;  SWIFT_OPTIMIZATION_LEVEL = "-Onone"; ENABLE_TESTABILITY = YES; DEBUG_INFORMATION_FORMAT = dwarf; }; name = Debug; };
0000000000000000000001F5 = { isa = XCBuildConfiguration; buildSettings = { SDKROOT = iphoneos; IPHONEOS_DEPLOYMENT_TARGET = 17.0; SWIFT_VERSION = 5.0; CLANG_ENABLE_MODULES = YES; TARGETED_DEVICE_FAMILY = 1;  SWIFT_OPTIMIZATION_LEVEL = "-O"; DEBUG_INFORMATION_FORMAT = "dwarf-with-dsym"; }; name = Release; };
000000000000000000000010 = { isa = XCConfigurationList; buildConfigurations = (0000000000000000000001F4,0000000000000000000001F5); defaultConfigurationIsVisible = 0; defaultConfigurationName = Release; };
0000000000000000000001FE = { isa = XCBuildConfiguration; buildSettings = { SDKROOT = iphoneos; IPHONEOS_DEPLOYMENT_TARGET = 17.0; SWIFT_VERSION = 5.0; CLANG_ENABLE_MODULES = YES; TARGETED_DEVICE_FAMILY = 1; PRODUCT_BUNDLE_IDENTIFIER = com.eza.foodcompanion; PRODUCT_NAME = "$(TARGET_NAME)"; GENERATE_INFOPLIST_FILE = YES; INFOPLIST_KEY_CFBundleDisplayName = "Food Companion"; INFOPLIST_KEY_UILaunchScreen_Generation = YES; INFOPLIST_KEY_UIApplicationSceneManifest_Generation = YES; INFOPLIST_KEY_UIApplicationSupportsIndirectInputEvents = YES; CODE_SIGN_STYLE = Automatic; SWIFT_OPTIMIZATION_LEVEL = "-Onone"; ENABLE_TESTABILITY = YES; DEBUG_INFORMATION_FORMAT = dwarf; }; name = Debug; };
0000000000000000000001FF = { isa = XCBuildConfiguration; buildSettings = { SDKROOT = iphoneos; IPHONEOS_DEPLOYMENT_TARGET = 17.0; SWIFT_VERSION = 5.0; CLANG_ENABLE_MODULES = YES; TARGETED_DEVICE_FAMILY = 1; PRODUCT_BUNDLE_IDENTIFIER = com.eza.foodcompanion; PRODUCT_NAME = "$(TARGET_NAME)"; GENERATE_INFOPLIST_FILE = YES; INFOPLIST_KEY_CFBundleDisplayName = "Food Companion"; INFOPLIST_KEY_UILaunchScreen_Generation = YES; INFOPLIST_KEY_UIApplicationSceneManifest_Generation = YES; INFOPLIST_KEY_UIApplicationSupportsIndirectInputEvents = YES; CODE_SIGN_STYLE = Automatic; SWIFT_OPTIMIZATION_LEVEL = "-O"; DEBUG_INFORMATION_FORMAT = "dwarf-with-dsym"; }; name = Release; };
00000000000000000000000E = { isa = XCConfigurationList; buildConfigurations = (0000000000000000000001FE,0000000000000000000001FF); defaultConfigurationIsVisible = 0; defaultConfigurationName = Release; };
000000000000000000000208 = { isa = XCBuildConfiguration; buildSettings = { SDKROOT = iphoneos; IPHONEOS_DEPLOYMENT_TARGET = 17.0; SWIFT_VERSION = 5.0; CLANG_ENABLE_MODULES = YES; TARGETED_DEVICE_FAMILY = 1; PRODUCT_BUNDLE_IDENTIFIER = com.eza.foodcompanion.tests; PRODUCT_NAME = "$(TARGET_NAME)"; GENERATE_INFOPLIST_FILE = YES; TEST_HOST = "$(BUILT_PRODUCTS_DIR)/FoodCompanion.app/$(BUNDLE_EXECUTABLE_FOLDER_PATH)/FoodCompanion"; BUNDLE_LOADER = "$(TEST_HOST)"; SWIFT_OPTIMIZATION_LEVEL = "-Onone"; ENABLE_TESTABILITY = YES; DEBUG_INFORMATION_FORMAT = dwarf; }; name = Debug; };
000000000000000000000209 = { isa = XCBuildConfiguration; buildSettings = { SDKROOT = iphoneos; IPHONEOS_DEPLOYMENT_TARGET = 17.0; SWIFT_VERSION = 5.0; CLANG_ENABLE_MODULES = YES; TARGETED_DEVICE_FAMILY = 1; PRODUCT_BUNDLE_IDENTIFIER = com.eza.foodcompanion.tests; PRODUCT_NAME = "$(TARGET_NAME)"; GENERATE_INFOPLIST_FILE = YES; TEST_HOST = "$(BUILT_PRODUCTS_DIR)/FoodCompanion.app/$(BUNDLE_EXECUTABLE_FOLDER_PATH)/FoodCompanion"; BUNDLE_LOADER = "$(TEST_HOST)"; SWIFT_OPTIMIZATION_LEVEL = "-O"; DEBUG_INFORMATION_FORMAT = "dwarf-with-dsym"; }; name = Release; };
00000000000000000000000F = { isa = XCConfigurationList; buildConfigurations = (000000000000000000000208,000000000000000000000209); defaultConfigurationIsVisible = 0; defaultConfigurationName = Release; };
000000000000000000000001 = { isa = PBXProject; attributes = { LastUpgradeCheck = 1600; }; buildConfigurationList = 000000000000000000000010; compatibilityVersion = "Xcode 14.0"; developmentRegion = en; hasScannedForEncodings = 0; knownRegions = (en,Base); mainGroup = 000000000000000000000002; productRefGroup = 000000000000000000000005; projectDirPath = ""; projectRoot = ""; targets = (000000000000000000000003,000000000000000000000004); };
}; rootObject = 000000000000000000000001; }
